
Microsoft Visual Studio Solution File, Format Version 12.00
# Visual Studio Version 17
VisualStudioVersion = 17.9.34701.34
MinimumVisualStudioVersion = 10.0.40219.1
Project("{FAE04EC0-301F-11D3-BF4B-00C04F79EFBC}") = "HttpRequestForCourse", "HttpRequestForCourse\HttpRequestForCourse.csproj", "{22D5357A-E626-496B-9979-48A57C041B92}"
EndProject
Global
	GlobalSection(SolutionConfigurationPlatforms) = preSolution
		Debug|Any CPU = Debug|Any CPU
		Release|Any CPU = Release|Any CPU
	EndGlobalSection
	GlobalSection(ProjectConfigurationPlatforms) = postSolution
		{22D5357A-E626-496B-9979-48A57C041B92}.Debug|Any CPU.ActiveCfg = Debug|Any CPU
		{22D5357A-E626-496B-9979-48A57C041B92}.Debug|Any CPU.Build.0 = Debug|Any CPU
		{22D5357A-E626-496B-9979-48A57C041B92}.Release|Any CPU.ActiveCfg = Release|Any CPU
		{22D5357A-E626-496B-9979-48A57C041B92}.Release|Any CPU.Build.0 = Release|Any CPU
	EndGlobalSection
	GlobalSection(SolutionProperties) = preSolution
		HideSolutionNode = FALSE
	EndGlobalSection
	GlobalSection(ExtensibilityGlobals) = postSolution
		SolutionGuid = {2716E197-6502-428C-952C-A4558C9DA0E3}
	EndGlobalSection
EndGlobal
